
Microsoft Visual Studio Solution File, Format Version 12.00
# Visual Studio 15
VisualStudioVersion = 15.0.27703.2042
MinimumVisualStudioVersion = 10.0.40219.1
Project("{FAE04EC0-301F-11D3-BF4B-00C04F79EFBC}") = "App5.Android", "App5\App5.Android\App5.Android.csproj", "{16F71F70-1844-477D-8BDF-AB277EB56486}"
EndProject
Project("{FAE04EC0-301F-11D3-BF4B-00C04F79EFBC}") = "App5.iOS", "App5\App5.iOS\App5.iOS.csproj", "{C3A734E4-8117-43CB-A7EB-AAEFEA75C274}"
EndProject
Project("{FAE04EC0-301F-11D3-BF4B-00C04F79EFBC}") = "App5", "App5\App5\App5.csproj", "{F71E1CFD-44A3-4706-A403-7480D0EEA7E2}"
EndProject
Global
	GlobalSection(SolutionConfigurationPlatforms) = preSolution
		Ad-Hoc|Any CPU = Ad-Hoc|Any CPU
		Ad-Hoc|iPhone = Ad-Hoc|iPhone
		Ad-Hoc|iPhoneSimulator = Ad-Hoc|iPhoneSimulator
		AppStore|Any CPU = AppStore|Any CPU
		AppStore|iPhone = AppStore|iPhone
		AppStore|iPhoneSimulator = AppStore|iPhoneSimulator
		Debug|Any CPU = Debug|Any CPU
		Debug|iPhone = Debug|iPhone
		Debug|iPhoneSimulator = Debug|iPhoneSimulator
		Release|Any CPU = Release|Any CPU
		Release|iPhone = Release|iPhone
		Release|iPhoneSimulator = Release|iPhoneSimulator
	EndGlobalSection
	GlobalSection(ProjectConfigurationPlatforms) = postSolution
		{16F71F70-1844-477D-8BDF-AB277EB56486}.Ad-Hoc|Any CPU.ActiveCfg = Release|Any CPU
		{16F71F70-1844-477D-8BDF-AB277EB56486}.Ad-Hoc|Any CPU.Build.0 = Release|Any CPU
		{16F71F70-1844-477D-8BDF-AB277EB56486}.Ad-Hoc|Any CPU.Deploy.0 = Release|Any CPU
		{16F71F70-1844-477D-8BDF-AB277EB56486}.Ad-Hoc|iPhone.ActiveCfg = Release|Any CPU
		{16F71F70-1844-477D-8BDF-AB277EB56486}.Ad-Hoc|iPhone.Build.0 = Release|Any CPU
		{16F71F70-1844-477D-8BDF-AB277EB56486}.Ad-Hoc|iPhone.Deploy.0 = Release|Any CPU
		{16F71F70-1844-477D-8BDF-AB277EB56486}.Ad-Hoc|iPhoneSimulator.ActiveCfg = Release|Any CPU
		{16F71F70-1844-477D-8BDF-AB277EB56486}.Ad-Hoc|iPhoneSimulator.Build.0 = Release|Any CPU
		{16F71F70-1844-477D-8BDF-AB277EB56486}.Ad-Hoc|iPhoneSimulator.Deploy.0 = Release|Any CPU
		{16F71F70-1844-477D-8BDF-AB277EB56486}.AppStore|Any CPU.ActiveCfg = Release|Any CPU
		{16F71F70-1844-477D-8BDF-AB277EB56486}.AppStore|Any CPU.Build.0 = Release|Any CPU
		{16F71F70-1844-477D-8BDF-AB277EB56486}.AppStore|Any CPU.Deploy.0 = Release|Any CPU
		{16F71F70-1844-477D-8BDF-AB277EB56486}.AppStore|iPhone.ActiveCfg = Release|Any CPU
		{16F71F70-1844-477D-8BDF-AB277EB56486}.AppStore|iPhone.Build.0 = Release|Any CPU
		{16F71F70-1844-477D-8BDF-AB277EB56486}.AppStore|iPhone.Deploy.0 = Release|Any CPU
		{16F71F70-1844-477D-8BDF-AB277EB56486}.AppStore|iPhoneSimulator.ActiveCfg = Release|Any CPU
		{16F71F70-1844-477D-8BDF-AB277EB56486}.AppStore|iPhoneSimulator.Build.0 = Release|Any CPU
		{16F71F70-1844-477D-8BDF-AB277EB56486}.AppStore|iPhoneSimulator.Deploy.0 = Release|Any CPU
		{16F71F70-1844-477D-8BDF-AB277EB56486}.Debug|Any CPU.ActiveCfg = Debug|Any CPU
		{16F71F70-1844-477D-8BDF-AB277EB56486}.Debug|Any CPU.Build.0 = Debug|Any CPU
		{16F71F70-1844-477D-8BDF-AB277EB56486}.Debug|Any CPU.Deploy.0 = Debug|Any CPU
		{16F71F70-1844-477D-8BDF-AB277EB56486}.Debug|iPhone.ActiveCfg = Debug|Any CPU
		{16F71F70-1844-477D-8BDF-AB277EB56486}.Debug|iPhone.Build.0 = Debug|Any CPU
		{16F71F70-1844-477D-8BDF-AB277EB56486}.Debug|iPhone.Deploy.0 = Debug|Any CPU
		{16F71F70-1844-477D-8BDF-AB277EB56486}.Debug|iPhoneSimulator.ActiveCfg = Debug|Any CPU
		{16F71F70-1844-477D-8BDF-AB277EB56486}.Debug|iPhoneSimulator.Build.0 = Debug|Any CPU
		{16F71F70-1844-477D-8BDF-AB277EB56486}.Debug|iPhoneSimulator.Deploy.0 = Debug|Any CPU
		{16F71F70-1844-477D-8BDF-AB277EB56486}.Release|Any CPU.ActiveCfg = Release|Any CPU
		{16F71F70-1844-477D-8BDF-AB277EB56486}.Release|Any CPU.Build.0 = Release|Any CPU
		{16F71F70-1844-477D-8BDF-AB277EB56486}.Release|Any CPU.Deploy.0 = Release|Any CPU
		{16F71F70-1844-477D-8BDF-AB277EB56486}.Release|iPhone.ActiveCfg = Release|Any CPU
		{16F71F70-1844-477D-8BDF-AB277EB56486}.Release|iPhone.Build.0 = Release|Any CPU
		{16F71F70-1844-477D-8BDF-AB277EB56486}.Release|iPhone.Deploy.0 = Release|Any CPU
		{16F71F70-1844-477D-8BDF-AB277EB56486}.Release|iPhoneSimulator.ActiveCfg = Release|Any CPU
		{16F71F70-1844-477D-8BDF-AB277EB56486}.Release|iPhoneSimulator.Build.0 = Release|Any CPU
		{16F71F70-1844-477D-8BDF-AB277EB56486}.Release|iPhoneSimulator.Deploy.0 = Release|Any CPU
		{C3A734E4-8117-43CB-A7EB-AAEFEA75C274}.Ad-Hoc|Any CPU.ActiveCfg = Ad-Hoc|iPhone
		{C3A734E4-8117-43CB-A7EB-AAEFEA75C274}.Ad-Hoc|Any CPU.Build.0 = Ad-Hoc|iPhone
		{C3A734E4-8117-43CB-A7EB-AAEFEA75C274}.Ad-Hoc|Any CPU.Deploy.0 = Ad-Hoc|iPhone
		{C3A734E4-8117-43CB-A7EB-AAEFEA75C274}.Ad-Hoc|iPhone.ActiveCfg = Ad-Hoc|iPhone
		{C3A734E4-8117-43CB-A7EB-AAEFEA75C274}.Ad-Hoc|iPhone.Build.0 = Ad-Hoc|iPhone
		{C3A734E4-8117-43CB-A7EB-AAEFEA75C274}.Ad-Hoc|iPhone.Deploy.0 = Ad-Hoc|iPhone
		{C3A734E4-8117-43CB-A7EB-AAEFEA75C274}.Ad-Hoc|iPhoneSimulator.ActiveCfg = Ad-Hoc|iPhoneSimulator
		{C3A734E4-8117-43CB-A7EB-AAEFEA75C274}.Ad-Hoc|iPhoneSimulator.Build.0 = Ad-Hoc|iPhoneSimulator
		{C3A734E4-8117-43CB-A7EB-AAEFEA75C274}.Ad-Hoc|iPhoneSimulator.Deploy.0 = Ad-Hoc|iPhoneSimulator
		{C3A734E4-8117-43CB-A7EB-AAEFEA75C274}.AppStore|Any CPU.ActiveCfg = AppStore|iPhone
		{C3A734E4-8117-43CB-A7EB-AAEFEA75C274}.AppStore|Any CPU.Build.0 = AppStore|iPhone
		{C3A734E4-8117-43CB-A7EB-AAEFEA75C274}.AppStore|Any CPU.Deploy.0 = AppStore|iPhone
		{C3A734E4-8117-43CB-A7EB-AAEFEA75C274}.AppStore|iPhone.ActiveCfg = AppStore|iPhone
		{C3A734E4-8117-43CB-A7EB-AAEFEA75C274}.AppStore|iPhone.Build.0 = AppStore|iPhone
		{C3A734E4-8117-43CB-A7EB-AAEFEA75C274}.AppStore|iPhone.Deploy.0 = AppStore|iPhone
		{C3A734E4-8117-43CB-A7EB-AAEFEA75C274}.AppStore|iPhoneSimulator.ActiveCfg = AppStore|iPhoneSimulator
		{C3A734E4-8117-43CB-A7EB-AAEFEA75C274}.AppStore|iPhoneSimulator.Build.0 = AppStore|iPhoneSimulator
		{C3A734E4-8117-43CB-A7EB-AAEFEA75C274}.AppStore|iPhoneSimulator.Deploy.0 = AppStore|iPhoneSimulator
		{C3A734E4-8117-43CB-A7EB-AAEFEA75C274}.Debug|Any CPU.ActiveCfg = Debug|iPhoneSimulator
		{C3A734E4-8117-43CB-A7EB-AAEFEA75C274}.Debug|Any CPU.Build.0 = Debug|iPhoneSimulator
		{C3A734E4-8117-43CB-A7EB-AAEFEA75C274}.Debug|Any CPU.Deploy.0 = Debug|iPhoneSimulator
		{C3A734E4-8117-43CB-A7EB-AAEFEA75C274}.Debug|iPhone.ActiveCfg = Debug|iPhone
		{C3A734E4-8117-43CB-A7EB-AAEFEA75C274}.Debug|iPhone.Build.0 = Debug|iPhone
		{C3A734E4-8117-43CB-A7EB-AAEFEA75C274}.Debug|iPhone.Deploy.0 = Debug|iPhone
		{C3A734E4-8117-43CB-A7EB-AAEFEA75C274}.Debug|iPhoneSimulator.ActiveCfg = Debug|iPhoneSimulator
		{C3A734E4-8117-43CB-A7EB-AAEFEA75C274}.Debug|iPhoneSimulator.Build.0 = Debug|iPhoneSimulator
		{C3A734E4-8117-43CB-A7EB-AAEFEA75C274}.Debug|iPhoneSimulator.Deploy.0 = Debug|iPhoneSimulator
		{C3A734E4-8117-43CB-A7EB-AAEFEA75C274}.Release|Any CPU.ActiveCfg = Release|iPhone
		{C3A734E4-8117-43CB-A7EB-AAEFEA75C274}.Release|Any CPU.Build.0 = Release|iPhone
		{C3A734E4-8117-43CB-A7EB-AAEFEA75C274}.Release|Any CPU.Deploy.0 = Release|iPhone
		{C3A734E4-8117-43CB-A7EB-AAEFEA75C274}.Release|iPhone.ActiveCfg = Release|iPhone
		{C3A734E4-8117-43CB-A7EB-AAEFEA75C274}.Release|iPhone.Build.0 = Release|iPhone
		{C3A734E4-8117-43CB-A7EB-AAEFEA75C274}.Release|iPhone.Deploy.0 = Release|iPhone
		{C3A734E4-8117-43CB-A7EB-AAEFEA75C274}.Release|iPhoneSimulator.ActiveCfg = Release|iPhoneSimulator
		{C3A734E4-8117-43CB-A7EB-AAEFEA75C274}.Release|iPhoneSimulator.Build.0 = Release|iPhoneSimulator
		{C3A734E4-8117-43CB-A7EB-AAEFEA75C274}.Release|iPhoneSimulator.Deploy.0 = Release|iPhoneSimulator
		{F71E1CFD-44A3-4706-A403-7480D0EEA7E2}.Ad-Hoc|Any CPU.ActiveCfg = Debug|Any CPU
		{F71E1CFD-44A3-4706-A403-7480D0EEA7E2}.Ad-Hoc|Any CPU.Build.0 = Debug|Any CPU
		{F71E1CFD-44A3-4706-A403-7480D0EEA7E2}.Ad-Hoc|Any CPU.Deploy.0 = Debug|Any CPU
		{F71E1CFD-44A3-4706-A403-7480D0EEA7E2}.Ad-Hoc|iPhone.ActiveCfg = Debug|Any CPU
		{F71E1CFD-44A3-4706-A403-7480D0EEA7E2}.Ad-Hoc|iPhone.Build.0 = Debug|Any CPU
		{F71E1CFD-44A3-4706-A403-7480D0EEA7E2}.Ad-Hoc|iPhone.Deploy.0 = Debug|Any CPU
		{F71E1CFD-44A3-4706-A403-7480D0EEA7E2}.Ad-Hoc|iPhoneSimulator.ActiveCfg = Debug|Any CPU
		{F71E1CFD-44A3-4706-A403-7480D0EEA7E2}.Ad-Hoc|iPhoneSimulator.Build.0 = Debug|Any CPU
		{F71E1CFD-44A3-4706-A403-7480D0EEA7E2}.Ad-Hoc|iPhoneSimulator.Deploy.0 = Debug|Any CPU
		{F71E1CFD-44A3-4706-A403-7480D0EEA7E2}.AppStore|Any CPU.ActiveCfg = Debug|Any CPU
		{F71E1CFD-44A3-4706-A403-7480D0EEA7E2}.AppStore|Any CPU.Build.0 = Debug|Any CPU
		{F71E1CFD-44A3-4706-A403-7480D0EEA7E2}.AppStore|Any CPU.Deploy.0 = Debug|Any CPU
		{F71E1CFD-44A3-4706-A403-7480D0EEA7E2}.AppStore|iPhone.ActiveCfg = Debug|Any CPU
		{F71E1CFD-44A3-4706-A403-7480D0EEA7E2}.AppStore|iPhone.Build.0 = Debug|Any CPU
		{F71E1CFD-44A3-4706-A403-7480D0EEA7E2}.AppStore|iPhone.Deploy.0 = Debug|Any CPU
		{F71E1CFD-44A3-4706-A403-7480D0EEA7E2}.AppStore|iPhoneSimulator.ActiveCfg = Debug|Any CPU
		{F71E1CFD-44A3-4706-A403-7480D0EEA7E2}.AppStore|iPhoneSimulator.Build.0 = Debug|Any CPU
		{F71E1CFD-44A3-4706-A403-7480D0EEA7E2}.AppStore|iPhoneSimulator.Deploy.0 = Debug|Any CPU
		{F71E1CFD-44A3-4706-A403-7480D0EEA7E2}.Debug|Any CPU.ActiveCfg = Debug|Any CPU
		{F71E1CFD-44A3-4706-A403-7480D0EEA7E2}.Debug|Any CPU.Build.0 = Debug|Any CPU
		{F71E1CFD-44A3-4706-A403-7480D0EEA7E2}.Debug|Any CPU.Deploy.0 = Debug|Any CPU
		{F71E1CFD-44A3-4706-A403-7480D0EEA7E2}.Debug|iPhone.ActiveCfg = Debug|Any CPU
		{F71E1CFD-44A3-4706-A403-7480D0EEA7E2}.Debug|iPhone.Build.0 = Debug|Any CPU
		{F71E1CFD-44A3-4706-A403-7480D0EEA7E2}.Debug|iPhone.Deploy.0 = Debug|Any CPU
		{F71E1CFD-44A3-4706-A403-7480D0EEA7E2}.Debug|iPhoneSimulator.ActiveCfg = Debug|Any CPU
		{F71E1CFD-44A3-4706-A403-7480D0EEA7E2}.Debug|iPhoneSimulator.Build.0 = Debug|Any CPU
		{F71E1CFD-44A3-4706-A403-7480D0EEA7E2}.Debug|iPhoneSimulator.Deploy.0 = Debug|Any CPU
		{F71E1CFD-44A3-4706-A403-7480D0EEA7E2}.Release|Any CPU.ActiveCfg = Release|Any CPU
		{F71E1CFD-44A3-4706-A403-7480D0EEA7E2}.Release|Any CPU.Build.0 = Release|Any CPU
		{F71E1CFD-44A3-4706-A403-7480D0EEA7E2}.Release|Any CPU.Deploy.0 = Release|Any CPU
		{F71E1CFD-44A3-4706-A403-7480D0EEA7E2}.Release|iPhone.ActiveCfg = Release|Any CPU
		{F71E1CFD-44A3-4706-A403-7480D0EEA7E2}.Release|iPhone.Build.0 = Release|Any CPU
		{F71E1CFD-44A3-4706-A403-7480D0EEA7E2}.Release|iPhone.Deploy.0 = Release|Any CPU
		{F71E1CFD-44A3-4706-A403-7480D0EEA7E2}.Release|iPhoneSimulator.ActiveCfg = Release|Any CPU
		{F71E1CFD-44A3-4706-A403-7480D0EEA7E2}.Release|iPhoneSimulator.Build.0 = Release|Any CPU
		{F71E1CFD-44A3-4706-A403-7480D0EEA7E2}.Release|iPhoneSimulator.Deploy.0 = Release|Any CPU
	EndGlobalSection
	GlobalSection(SolutionProperties) = preSolution
		HideSolutionNode = FALSE
	EndGlobalSection
	GlobalSection(ExtensibilityGlobals) = postSolution
		SolutionGuid = {934CE7BD-2CD9-41B4-9154-084F6B5E7665}
	EndGlobalSection
EndGlobal
